GEM
  remote: https://rubygems.org/
  specs:
    commonmarker (2.10.0)
      rb_sys (~> 0.9)
    commonmarker (2.10.0-aarch64-linux)
    commonmarker (2.10.0-aarch64-linux-musl)
    commonmarker (2.10.0-arm-linux-gnu)
    commonmarker (2.10.0-arm64-darwin)
    commonmarker (2.10.0-x86_64-darwin)
    commonmarker (2.10.0-x86_64-linux)
    commonmarker (2.10.0-x86_64-linux-musl)
    front_matter_parser (1.0.1)
    nokogiri (1.19.4-aarch64-linux-gnu)
      racc (~> 1.4)
    nokogiri (1.19.4-aarch64-linux-musl)
      racc (~> 1.4)
    nokogiri (1.19.4-arm-linux-gnu)
      racc (~> 1.4)
    nokogiri (1.19.4-arm-linux-musl)
      racc (~> 1.4)
    nokogiri (1.19.4-arm64-darwin)
      racc (~> 1.4)
    nokogiri (1.19.4-x86_64-darwin)
      racc (~> 1.4)
    nokogiri (1.19.4-x86_64-linux-gnu)
      racc (~> 1.4)
    nokogiri (1.19.4-x86_64-linux-musl)
      racc (~> 1.4)
    racc (1.8.1)
    rake-compiler-dock (1.12.0)
    rb_sys (0.9.130)
      rake-compiler-dock (= 1.12.0)
    rouge (5.1.0)
      strscan (~> 3.1)
    strscan (3.1.8)
    tailwindcss-ruby (4.3.3)
    tailwindcss-ruby (4.3.3-aarch64-linux-gnu)
    tailwindcss-ruby (4.3.3-aarch64-linux-musl)
    tailwindcss-ruby (4.3.3-arm64-darwin)
    tailwindcss-ruby (4.3.3-x86_64-darwin)
    tailwindcss-ruby (4.3.3-x86_64-linux-gnu)
    tailwindcss-ruby (4.3.3-x86_64-linux-musl)
    webrick (1.9.2)

PLATFORMS
  aarch64-linux
  aarch64-linux-gnu
  aarch64-linux-musl
  arm-linux-gnu
  arm-linux-musl
  arm64-darwin
  x86_64-darwin
  x86_64-linux
  x86_64-linux-gnu
  x86_64-linux-musl

DEPENDENCIES
  commonmarker (~> 2.10)
  front_matter_parser (~> 1.0)
  nokogiri (~> 1.19)
  rouge (~> 5.1)
  tailwindcss-ruby (~> 4.3)
  webrick (~> 1.8)

CHECKSUMS
  commonmarker (2.10.0) sha256=1884529957bf59bcd4f19fcc29e931f2042760ced273353e8010a20fe4ae68cb
  commonmarker (2.10.0-aarch64-linux) sha256=eeb167dea203dee066eb0dd99b3fd2deb526c8b5e7297ad385f7a5d60f869478
  commonmarker (2.10.0-aarch64-linux-musl) sha256=e95d9e87ea6306e21ffa11855a7bb55518538143b23a227fe3bb00b41873ce25
  commonmarker (2.10.0-arm-linux-gnu) sha256=2165642969df6816625c5fa4470a8959345d715daf96dd063fc56913fdbb1b90
  commonmarker (2.10.0-arm64-darwin) sha256=39ecc891d1e4308b5233cc28b40383de854a2bfbefe17d68e49174347a8aa79e
  commonmarker (2.10.0-x86_64-darwin) sha256=01e0830ed0319825ecdc16411c90acd3f661d1568dfc178731b3f64d0ce2363d
  commonmarker (2.10.0-x86_64-linux) sha256=945c510c0bfca9022245928e2248468fe3ddad58c939be0c37b20082cc392880
  commonmarker (2.10.0-x86_64-linux-musl) sha256=288cd4fb9f17eed2ffa73551ef241dcf594e0f484b2aee2a0999540333c0618e
  front_matter_parser (1.0.1) sha256=bae298bda01db95788a4d6452f1670a3d198c6716c8d3727db9a95533deb7b7b
  nokogiri (1.19.4-aarch64-linux-gnu) sha256=1269fb644a6de405057a53dd5c762b1209b43ca7424f839454d3dbc677c31a8f
  nokogiri (1.19.4-aarch64-linux-musl) sha256=35c65b9ce72b3bb03207bdbe7067915019dc18c1b9b59139684bd6690fdd01af
  nokogiri (1.19.4-arm-linux-gnu) sha256=a301313e38bb065d68239e79734bcd6f56fb6efaacebde29e9abf2a4735340ca
  nokogiri (1.19.4-arm-linux-musl) sha256=588923c101bcfa78869734d247d25b598674323e7f22474fc468f6e5647311eb
  nokogiri (1.19.4-arm64-darwin) sha256=a46db9853286e6597b36ebc6953817d15acf3a299583eb3f89fdc6f91dd63527
  nokogiri (1.19.4-x86_64-darwin) sha256=7fd17057d3e1f00e9954a74b3cd76595d3d4a5ef233b7ed9599047c204f70551
  nokogiri (1.19.4-x86_64-linux-gnu) sha256=379fae440b28915e3f19d752ce2dcf8465ed2b2fbefd2a7ca0dd497bc981a06a
  nokogiri (1.19.4-x86_64-linux-musl) sha256=17dfb7c1fa194ae02fbf7c51a7afc8d278045ab3fdacfd86f91d02d7b274470b
  racc (1.8.1) sha256=4a7f6929691dbec8b5209a0b373bc2614882b55fc5d2e447a21aaa691303d62f
  rake-compiler-dock (1.12.0) sha256=f13205c2738f3d2053afcd03491a9e4541b22a59a0bfc53fc8bc883bd8188023
  rb_sys (0.9.130) sha256=7d486d99c1da02635515deaf9860fc5aea90bb4ab2589b2deec7fdc7d3548615
  rouge (5.1.0) sha256=b77c632842ab7f5147940212f0345808cccfbce864fd5b631d7d12a35ac85452
  strscan (3.1.8) sha256=aae2db611a225559f21ffbb71765c9a4e60fd262534a9ea84f4f11c7f32f679e
  tailwindcss-ruby (4.3.3) sha256=ee0a64030749862deb501acab4c4aaf5adbee13865746a33299d46d7b5d0952a
  tailwindcss-ruby (4.3.3-aarch64-linux-gnu) sha256=c86d6dd3eccc85fe0d792a832b06f2bf3c0a7a83b399308aeb9d8f5725f42a6a
  tailwindcss-ruby (4.3.3-aarch64-linux-musl) sha256=72b77ca9edea82383dd09510ab520a122e3cb9f9864ca5b38e27698098d2b899
  tailwindcss-ruby (4.3.3-arm64-darwin) sha256=776c51fc734aac64bde0c253eadd2ed2e610b2ba0d8e760501fe7cbec55fd6cf
  tailwindcss-ruby (4.3.3-x86_64-darwin) sha256=483011e5d3792cf5ef4afdfb04c1d95daccf42c30cdb6fe53b77520954e7b922
  tailwindcss-ruby (4.3.3-x86_64-linux-gnu) sha256=2337017ff8b02698480eae1e9637cf01faa0e4824db89d067a13c5a5ee38c9b2
  tailwindcss-ruby (4.3.3-x86_64-linux-musl) sha256=27d478c417bcf73828e5b544744c5bdfd5b5cb54f1a266fc4f185281c32efe6c
  webrick (1.9.2) sha256=beb4a15fc474defed24a3bda4ffd88a490d517c9e4e6118c3edce59e45864131

RUBY VERSION
   ruby 3.3.0

BUNDLED WITH
   2.5.3
